
Microsoft Visual Studio Solution File, Format Version 12.00
# Visual Studio 15
VisualStudioVersion = 15.0.28307.1831
MinimumVisualStudioVersion = 10.0.40219.1
Project("{FAE04EC0-301F-11D3-BF4B-00C04F79EFBC}") = "TSystem_WinformDemo", "TSystem_WinformDemo\TSystem_WinformDemo.csproj", "{5146DB3C-C7B7-4A5F-93A2-DBC3B82E755C}"
EndProject
Global
	GlobalSection(SolutionConfigurationPlatforms) = preSolution
		Debug|Any CPU = Debug|Any CPU
		Release|Any CPU = Release|Any CPU
	EndGlobalSection
	GlobalSection(ProjectConfigurationPlatforms) = postSolution
		{5146DB3C-C7B7-4A5F-93A2-DBC3B82E755C}.Debug|Any CPU.ActiveCfg = Debug|Any CPU
		{5146DB3C-C7B7-4A5F-93A2-DBC3B82E755C}.Debug|Any CPU.Build.0 = Debug|Any CPU
		{5146DB3C-C7B7-4A5F-93A2-DBC3B82E755C}.Release|Any CPU.ActiveCfg = Release|Any CPU
		{5146DB3C-C7B7-4A5F-93A2-DBC3B82E755C}.Release|Any CPU.Build.0 = Release|Any CPU
	EndGlobalSection
	GlobalSection(SolutionProperties) = preSolution
		HideSolutionNode = FALSE
	EndGlobalSection
	GlobalSection(ExtensibilityGlobals) = postSolution
		SolutionGuid = {CBABE96E-F745-4E10-8EA5-740E0F4F54A3}
	EndGlobalSection
EndGlobal
